// !$*UTF8*$!
{
	archiveVersion = 1;
	classes = {
	};
	objectVersion = 50;
	objects = {

/* Begin PBXBuildFile section */
		F3EE5A4D24323317003506BF /* AppDelegate.swift in Sources */ = {isa = PBXBuildFile; fileRef = F3EE5A4C24323317003506BF /* AppDelegate.swift */; };
		F3EE5A4F24323317003506BF /* SceneDelegate.swift in Sources */ = {isa = PBXBuildFile; fileRef = F3EE5A4E24323317003506BF /* SceneDelegate.swift */; };
		F3EE5A5124323317003506BF /* ContentView.swift in Sources */ = {isa = PBXBuildFile; fileRef = F3EE5A5024323317003506BF /* ContentView.swift */; };
		F3EE5A5324323319003506BF /* Assets.xcassets in Resources */ = {isa = PBXBuildFile; fileRef = F3EE5A5224323319003506BF /* Assets.xcassets */; };
		F3EE5A5624323319003506BF /* Preview Assets.xcassets in Resources */ = {isa = PBXBuildFile; fileRef = F3EE5A5524323319003506BF /* Preview Assets.xcassets */; };
		F3EE5A5924323319003506BF /* LaunchScreen.storyboard in Resources */ = {isa = PBXBuildFile; fileRef = F3EE5A5724323319003506BF /* LaunchScreen.storyboard */; };
		F3EE5A6524323D2E003506BF /* Playball-Regular.ttf in Resources */ = {isa = PBXBuildFile; fileRef = F3EE5A6424323BC7003506BF /* Playball-Regular.ttf */; };
		F3EE5A6624323D31003506BF /* PoiretOne-Regular.ttf in Resources */ = {isa = PBXBuildFile; fileRef = F3EE5A622432389B003506BF /* PoiretOne-Regular.ttf */; };
/* End PBXBuildFile section */

/* Begin PBXFileReference section */
		F3EE5A4924323317003506BF /* ElenaSwiftUICard.app */ = {isa = PBXFileReference; explicitFileType = wrapper.application; includeInIndex = 0; path = ElenaSwiftUICard.app; sourceTree = BUILT_PRODUCTS_DIR; };
		F3EE5A4C24323317003506BF /* AppDelegate.swift */ = {isa = PBXFileReference; lastKnownFileType = sourcecode.swift; path = AppDelegate.swift; sourceTree = "<group>"; };
		F3EE5A4E24323317003506BF /* SceneDelegate.swift */ = {isa = PBXFileReference; lastKnownFileType = sourcecode.swift; path = SceneDelegate.swift; sourceTree = "<group>"; };
		F3EE5A5024323317003506BF /* ContentView.swift */ = {isa = PBXFileReference; lastKnownFileType = sourcecode.swift; path = ContentView.swift; sourceTree = "<group>"; };
		F3EE5A5224323319003506BF /* Assets.xcassets */ = {isa = PBXFileReference; lastKnownFileType = folder.assetcatalog; path = Assets.xcassets; sourceTree = "<group>"; };
		F3EE5A5524323319003506BF /* Preview Assets.xcassets */ = {isa = PBXFileReference; lastKnownFileType = folder.assetcatalog; path = "Preview Assets.xcassets"; sourceTree = "<group>"; };
		F3EE5A5824323319003506BF /* Base */ = {isa = PBXFileReference; lastKnownFileType = file.storyboard; name = Base; path = Base.lproj/LaunchScreen.storyboard; sourceTree = "<group>"; };
		F3EE5A5A24323319003506BF /* Info.plist */ = {isa = PBXFileReference; lastKnownFileType = text.plist.xml; path = Info.plist; sourceTree = "<group>"; };
		F3EE5A622432389B003506BF /* PoiretOne-Regular.ttf */ = {isa = PBXFileReference; lastKnownFileType = file; path = "PoiretOne-Regular.ttf"; sourceTree = "<group>"; };
		F3EE5A6424323BC7003506BF /* Playball-Regular.ttf */ = {isa = PBXFileReference; lastKnownFileType = file; path = "Playball-Regular.ttf"; sourceTree = "<group>"; };
/* End PBXFileReference section */

/* Begin PBXFrameworksBuildPhase section */
		F3EE5A4624323317003506BF /* Frameworks */ = {
			isa = PBXFrameworksBuildPhase;
			buildActionMask = 2147483647;
			files = (
			);
			runOnlyForDeploymentPostprocessing = 0;
		};
/* End PBXFrameworksBuildPhase section */

/* Begin PBXGroup section */
		F3EE5A4024323317003506BF = {
			isa = PBXGroup;
			children = (
				F3EE5A4B24323317003506BF /* ElenaSwiftUICard */,
				F3EE5A4A24323317003506BF /* Products */,
			);
			sourceTree = "<group>";
		};
		F3EE5A4A24323317003506BF /* Products */ = {
			isa = PBXGroup;
			children = (
				F3EE5A4924323317003506BF /* ElenaSwiftUICard.app */,
			);
			name = Products;
			sourceTree = "<group>";
		};
		F3EE5A4B24323317003506BF /* ElenaSwiftUICard */ = {
			isa = PBXGroup;
			children = (
				F3EE5A63243238C1003506BF /* Fonts */,
				F3EE5A4C24323317003506BF /* AppDelegate.swift */,
				F3EE5A4E24323317003506BF /* SceneDelegate.swift */,
				F3EE5A5024323317003506BF /* ContentView.swift */,
				F3EE5A5224323319003506BF /* Assets.xcassets */,
				F3EE5A5724323319003506BF /* LaunchScreen.storyboard */,
				F3EE5A5A24323319003506BF /* Info.plist */,
				F3EE5A5424323319003506BF /* Preview Content */,
			);
			path = ElenaSwiftUICard;
			sourceTree = "<group>";
		};
		F3EE5A5424323319003506BF /* Preview Content */ = {
			isa = PBXGroup;
			children = (
				F3EE5A5524323319003506BF /* Preview Assets.xcassets */,
			);
			path = "Preview Content";
			sourceTree = "<group>";
		};
		F3EE5A63243238C1003506BF /* Fonts */ = {
			isa = PBXGroup;
			children = (
				F3EE5A622432389B003506BF /* PoiretOne-Regular.ttf */,
				F3EE5A6424323BC7003506BF /* Playball-Regular.ttf */,
			);
			path = Fonts;
			sourceTree = "<group>";
		};
/* End PBXGroup section */

/* Begin PBXNativeTarget section */
		F3EE5A4824323317003506BF /* ElenaSwiftUICard */ = {
			isa = PBXNativeTarget;
			buildConfigurationList = F3EE5A5D24323319003506BF /* Build configuration list for PBXNativeTarget "ElenaSwiftUICard" */;
			buildPhases = (
				F3EE5A4524323317003506BF /* Sources */,
				F3EE5A4624323317003506BF /* Frameworks */,
				F3EE5A4724323317003506BF /* Resources */,
			);
			buildRules = (
			);
			dependencies = (
			);
			name = ElenaSwiftUICard;
			productName = ElenaSwiftUICard;
			productReference = F3EE5A4924323317003506BF /* ElenaSwiftUICard.app */;
			productType = "com.apple.product-type.application";
		};
/* End PBXNativeTarget section */

/* Begin PBXProject section */
		F3EE5A4124323317003506BF /* Project object */ = {
			isa = PBXProject;
			attributes = {
				LastSwiftUpdateCheck = 1120;
				LastUpgradeCheck = 1120;
				ORGANIZATIONNAME = "Elena Kulakova";
				TargetAttributes = {
					F3EE5A4824323317003506BF = {
						CreatedOnToolsVersion = 11.2.1;
					};
				};
			};
			buildConfigurationList = F3EE5A4424323317003506BF /* Build configuration list for PBXProject "ElenaSwiftUICard" */;
			compatibilityVersion = "Xcode 9.3";
			developmentRegion = en;
			hasScannedForEncodings = 0;
			knownRegions = (
				en,
				Base,
			);
			mainGroup = F3EE5A4024323317003506BF;
			productRefGroup = F3EE5A4A24323317003506BF /* Products */;
			projectDirPath = "";
			projectRoot = "";
			targets = (
				F3EE5A4824323317003506BF /* ElenaSwiftUICard */,
			);
		};
/* End PBXProject section */

/* Begin PBXResourcesBuildPhase section */
		F3EE5A4724323317003506BF /* Resources */ = {
			isa = PBXResourcesBuildPhase;
			buildActionMask = 2147483647;
			files = (
				F3EE5A6524323D2E003506BF /* Playball-Regular.ttf in Resources */,
				F3EE5A5924323319003506BF /* LaunchScreen.storyboard in Resources */,
				F3EE5A5624323319003506BF /* Preview Assets.xcassets in Resources */,
				F3EE5A6624323D31003506BF /* PoiretOne-Regular.ttf in Resources */,
				F3EE5A5324323319003506BF /* Assets.xcassets in Resources */,
			);
			runOnlyForDeploymentPostprocessing = 0;
		};
/* End PBXResourcesBuildPhase section */

/* Begin PBXSourcesBuildPhase section */
		F3EE5A4524323317003506BF /* Sources */ = {
			isa = PBXSourcesBuildPhase;
			buildActionMask = 2147483647;
			files = (
				F3EE5A4D24323317003506BF /* AppDelegate.swift in Sources */,
				F3EE5A4F24323317003506BF /* SceneDelegate.swift in Sources */,
				F3EE5A5124323317003506BF /* ContentView.swift in Sources */,
			);
			runOnlyForDeploymentPostprocessing = 0;
		};
/* End PBXSourcesBuildPhase section */

/* Begin PBXVariantGroup section */
		F3EE5A5724323319003506BF /* LaunchScreen.storyboard */ = {
			isa = PBXVariantGroup;
			children = (
				F3EE5A5824323319003506BF /* Base */,
			);
			name = LaunchScreen.storyboard;
			sourceTree = "<group>";
		};
/* End PBXVariantGroup section */

/* Begin XCBuildConfiguration section */
		F3EE5A5B24323319003506BF /* Debug */ = {
			isa = XCBuildConfiguration;
			buildSettings = {
				ALWAYS_SEARCH_USER_PATHS = NO;
				CLANG_ANALYZER_NONNULL = YES;
				CLANG_ANALYZER_NUMBER_OBJECT_CONVERSION = YES_AGGRESSIVE;
				CLANG_CXX_LANGUAGE_STANDARD = "gnu++14";
				CLANG_CXX_LIBRARY = "libc++";
				CLANG_ENABLE_MODULES = YES;
				CLANG_ENABLE_OBJC_ARC = YES;
				CLANG_ENABLE_OBJC_WEAK = YES;
				CLANG_WARN_BLOCK_CAPTURE_AUTORELEASING = YES;
				CLANG_WARN_BOOL_CONVERSION = YES;
				CLANG_WARN_COMMA = YES;
				CLANG_WARN_CONSTANT_CONVERSION = YES;
				CLANG_WARN_DEPRECATED_OBJC_IMPLEMENTATIONS = YES;
				CLANG_WARN_DIRECT_OBJC_ISA_USAGE = YES_ERROR;
				CLANG_WARN_DOCUMENTATION_COMMENTS = YES;
				CLANG_WARN_EMPTY_BODY = YES;
				CLANG_WARN_ENUM_CONVERSION = YES;
				CLANG_WARN_INFINITE_RECURSION = YES;
				CLANG_WARN_INT_CONVERSION = YES;
				CLANG_WARN_NON_LITERAL_NULL_CONVERSION = YES;
				CLANG_WARN_OBJC_IMPLICIT_RETAIN_SELF = YES;
				CLANG_WARN_OBJC_LITERAL_CONVERSION = YES;
				CLANG_WARN_OBJC_ROOT_CLASS = YES_ERROR;
				CLANG_WARN_RANGE_LOOP_ANALYSIS = YES;
				CLANG_WARN_STRICT_PROTOTYPES = YES;
				CLANG_WARN_SUSPICIOUS_MOVE = YES;
				CLANG_WARN_UNGUARDED_AVAILABILITY = YES_AGGRESSIVE;
				CLANG_WARN_UNREACHABLE_CODE = YES;
				CLANG_WARN__DUPLICATE_METHOD_MATCH = YES;
				COPY_PHASE_STRIP = NO;
				DEBUG_INFORMATION_FORMAT = dwarf;
				ENABLE_STRICT_OBJC_MSGSEND = YES;
				ENABLE_TESTABILITY = YES;
				GCC_C_LANGUAGE_STANDARD = gnu11;
				GCC_DYNAMIC_NO_PIC = NO;
				GCC_NO_COMMON_BLOCKS = YES;
				GCC_OPTIMIZATION_LEVEL = 0;
				GCC_PREPROCESSOR_DEFINITIONS = (
					"DEBUG=1",
					"$(inherited)",
				);
				GCC_WARN_64_TO_32_BIT_CONVERSION = YES;
				GCC_WARN_ABOUT_RETURN_TYPE = YES_ERROR;
				GCC_WARN_UNDECLARED_SELECTOR = YES;
				GCC_WARN_UNINITIALIZED_AUTOS = YES_AGGRESSIVE;
				GCC_WARN_UNUSED_FUNCTION = YES;
				GCC_WARN_UNUSED_VARIABLE = YES;
				IPHONEOS_DEPLOYMENT_TARGET = 13.2;
				MTL_ENABLE_DEBUG_INFO = INCLUDE_SOURCE;
				MTL_FAST_MATH = YES;
				ONLY_ACTIVE_ARCH = YES;
				SDKROOT = iphoneos;
				SWIFT_ACTIVE_COMPILATION_CONDITIONS = DEBUG;
				SWIFT_OPTIMIZATION_LEVEL = "-Onone";
			};
			name = Debug;
		};
		F3EE5A5C24323319003506BF /* Release */ = {
			isa = XCBuildConfiguration;
			buildSettings = {
				ALWAYS_SEARCH_USER_PATHS = NO;
				CLANG_ANALYZER_NONNULL = YES;
				CLANG_ANALYZER_NUMBER_OBJECT_CONVERSION = YES_AGGRESSIVE;
				CLANG_CXX_LANGUAGE_STANDARD = "gnu++14";
				CLANG_CXX_LIBRARY = "libc++";
				CLANG_ENABLE_MODULES = YES;
				CLANG_ENABLE_OBJC_ARC = YES;
				CLANG_ENABLE_OBJC_WEAK = YES;
				CLANG_WARN_BLOCK_CAPTURE_AUTORELEASING = YES;
				CLANG_WARN_BOOL_CONVERSION = YES;
				CLANG_WARN_COMMA = YES;
				CLANG_WARN_CONSTANT_CONVERSION = YES;
				CLANG_WARN_DEPRECATED_OBJC_IMPLEMENTATIONS = YES;
				CLANG_WARN_DIRECT_OBJC_ISA_USAGE = YES_ERROR;
				CLANG_WARN_DOCUMENTATION_COMMENTS = YES;
				CLANG_WARN_EMPTY_BODY = YES;
				CLANG_WARN_ENUM_CONVERSION = YES;
				CLANG_WARN_INFINITE_RECURSION = YES;
				CLANG_WARN_INT_CONVERSION = YES;
				CLANG_WARN_NON_LITERAL_NULL_CONVERSION = YES;
				CLANG_WARN_OBJC_IMPLICIT_RETAIN_SELF = YES;
				CLANG_WARN_OBJC_LITERAL_CONVERSION = YES;
				CLANG_WARN_OBJC_ROOT_CLASS = YES_ERROR;
				CLANG_WARN_RANGE_LOOP_ANALYSIS = YES;
				CLANG_WARN_STRICT_PROTOTYPES = YES;
				CLANG_WARN_SUSPICIOUS_MOVE = YES;
				CLANG_WARN_UNGUARDED_AVAILABILITY = YES_AGGRESSIVE;
				CLANG_WARN_UNREACHABLE_CODE = YES;
				CLANG_WARN__DUPLICATE_METHOD_MATCH = YES;
				COPY_PHASE_STRIP = NO;
				DEBUG_INFORMATION_FORMAT = "dwarf-with-dsym";
				ENABLE_NS_ASSERTIONS = NO;
				ENABLE_STRICT_OBJC_MSGSEND = YES;
				GCC_C_LANGUAGE_STANDARD = gnu11;
				GCC_NO_COMMON_BLOCKS = YES;
				GCC_WARN_64_TO_32_BIT_CONVERSION = YES;
				GCC_WARN_ABOUT_RETURN_TYPE = YES_ERROR;
				GCC_WARN_UNDECLARED_SELECTOR = YES;
				GCC_WARN_UNINITIALIZED_AUTOS = YES_AGGRESSIVE;
				GCC_WARN_UNUSED_FUNCTION = YES;
				GCC_WARN_UNUSED_VARIABLE = YES;
				IPHONEOS_DEPLOYMENT_TARGET = 13.2;
				MTL_ENABLE_DEBUG_INFO = NO;
				MTL_FAST_MATH = YES;
				SDKROOT = iphoneos;
				SWIFT_COMPILATION_MODE = wholemodule;
				SWIFT_OPTIMIZATION_LEVEL = "-O";
				VALIDATE_PRODUCT = YES;
			};
			name = Release;
		};
		F3EE5A5E24323319003506BF /* Debug */ = {
			isa = XCBuildConfiguration;
			buildSettings = {
				ASSETCATALOG_COMPILER_APPICON_NAME = AppIcon;
				CODE_SIGN_STYLE = Automatic;
				DEVELOPMENT_ASSET_PATHS = "\"ElenaSwiftUICard/Preview Content\"";
				DEVELOPMENT_TEAM = YJ2U97422Q;
				ENABLE_PREVIEWS = YES;
				INFOPLIST_FILE = ElenaSwiftUICard/Info.plist;
				LD_RUNPATH_SEARCH_PATHS = (
					"$(inherited)",
					"@executable_path/Frameworks",
				);
				PRODUCT_BUNDLE_IDENTIFIER = com.elena.ElenaSwiftUICard;
				PRODUCT_NAME = "$(TARGET_NAME)";
				SWIFT_VERSION = 5.0;
				TARGETED_DEVICE_FAMILY = "1,2";
			};
			name = Debug;
		};
		F3EE5A5F24323319003506BF /* Release */ = {
			isa = XCBuildConfiguration;
			buildSettings = {
				ASSETCATALOG_COMPILER_APPICON_NAME = AppIcon;
				CODE_SIGN_STYLE = Automatic;
				DEVELOPMENT_ASSET_PATHS = "\"ElenaSwiftUICard/Preview Content\"";
				DEVELOPMENT_TEAM = YJ2U97422Q;
				ENABLE_PREVIEWS = YES;
				INFOPLIST_FILE = ElenaSwiftUICard/Info.plist;
				LD_RUNPATH_SEARCH_PATHS = (
					"$(inherited)",
					"@executable_path/Frameworks",
				);
				PRODUCT_BUNDLE_IDENTIFIER = com.elena.ElenaSwiftUICard;
				PRODUCT_NAME = "$(TARGET_NAME)";
				SWIFT_VERSION = 5.0;
				TARGETED_DEVICE_FAMILY = "1,2";
			};
			name = Release;
		};
/* End XCBuildConfiguration section */

/* Begin XCConfigurationList section */
		F3EE5A4424323317003506BF /* Build configuration list for PBXProject "ElenaSwiftUICard" */ = {
			isa = XCConfigurationList;
			buildConfigurations = (
				F3EE5A5B24323319003506BF /* Debug */,
				F3EE5A5C24323319003506BF /* Release */,
			);
			defaultConfigurationIsVisible = 0;
			defaultConfigurationName = Release;
		};
		F3EE5A5D24323319003506BF /* Build configuration list for PBXNativeTarget "ElenaSwiftUICard" */ = {
			isa = XCConfigurationList;
			buildConfigurations = (
				F3EE5A5E24323319003506BF /* Debug */,
				F3EE5A5F24323319003506BF /* Release */,
			);
			defaultConfigurationIsVisible = 0;
			defaultConfigurationName = Release;
		};
/* End XCConfigurationList section */
	};
	rootObject = F3EE5A4124323317003506BF /* Project object */;
}
